
Microsoft Visual Studio Solution File, Format Version 12.00
# Visual Studio Version 17
VisualStudioVersion = 17.4.33403.182
MinimumVisualStudioVersion = 10.0.40219.1
Project("{FAE04EC0-301F-11D3-BF4B-00C04F79EFBC}") = "InspimoApi", "InspimoApi\InspimoApi.csproj", "{CF70951A-3AA2-467B-96B5-6D2F35DBCCB8}"
EndProject
Global
	GlobalSection(SolutionConfigurationPlatforms) = preSolution
		Debug|Any CPU = Debug|Any CPU
		Release|Any CPU = Release|Any CPU
	EndGlobalSection
	GlobalSection(ProjectConfigurationPlatforms) = postSolution
		{CF70951A-3AA2-467B-96B5-6D2F35DBCCB8}.Debug|Any CPU.ActiveCfg = Debug|Any CPU
		{CF70951A-3AA2-467B-96B5-6D2F35DBCCB8}.Debug|Any CPU.Build.0 = Debug|Any CPU
		{CF70951A-3AA2-467B-96B5-6D2F35DBCCB8}.Release|Any CPU.ActiveCfg = Release|Any CPU
		{CF70951A-3AA2-467B-96B5-6D2F35DBCCB8}.Release|Any CPU.Build.0 = Release|Any CPU
	EndGlobalSection
	GlobalSection(SolutionProperties) = preSolution
		HideSolutionNode = FALSE
	EndGlobalSection
	GlobalSection(ExtensibilityGlobals) = postSolution
		SolutionGuid = {B7CA6EDF-F8B8-4A07-A477-3B314A01013F}
	EndGlobalSection
EndGlobal
